
Microsoft Visual Studio Solution File, Format Version 12.00
# Visual Studio 15
VisualStudioVersion = 15.0.28307.421
MinimumVisualStudioVersion = 10.0.40219.1
Project("{FAE04EC0-301F-11D3-BF4B-00C04F79EFBC}") = "Gitea.API.Sandbox", "Gitea.API.Sandbox\Gitea.API.Sandbox.csproj", "{E5F73971-C14B-46C1-A397-0EFA92062FFC}"
EndProject
Project("{FAE04EC0-301F-11D3-BF4B-00C04F79EFBC}") = "Gitea.API", "Gitea.API\Gitea.API.csproj", "{C092A1FA-C2E2-4E18-A3CB-F4381A15280D}"
EndProject
Global
	GlobalSection(SolutionConfigurationPlatforms) = preSolution
		Debug|Any CPU = Debug|Any CPU
		Release|Any CPU = Release|Any CPU
	EndGlobalSection
	GlobalSection(ProjectConfigurationPlatforms) = postSolution
		{E5F73971-C14B-46C1-A397-0EFA92062FFC}.Debug|Any CPU.ActiveCfg = Debug|Any CPU
		{E5F73971-C14B-46C1-A397-0EFA92062FFC}.Debug|Any CPU.Build.0 = Debug|Any CPU
		{E5F73971-C14B-46C1-A397-0EFA92062FFC}.Release|Any CPU.ActiveCfg = Release|Any CPU
		{E5F73971-C14B-46C1-A397-0EFA92062FFC}.Release|Any CPU.Build.0 = Release|Any CPU
		{C092A1FA-C2E2-4E18-A3CB-F4381A15280D}.Debug|Any CPU.ActiveCfg = Debug|Any CPU
		{C092A1FA-C2E2-4E18-A3CB-F4381A15280D}.Debug|Any CPU.Build.0 = Debug|Any CPU
		{C092A1FA-C2E2-4E18-A3CB-F4381A15280D}.Release|Any CPU.ActiveCfg = Release|Any CPU
		{C092A1FA-C2E2-4E18-A3CB-F4381A15280D}.Release|Any CPU.Build.0 = Release|Any CPU
	EndGlobalSection
	GlobalSection(SolutionProperties) = preSolution
		HideSolutionNode = FALSE
	EndGlobalSection
	GlobalSection(ExtensibilityGlobals) = postSolution
		SolutionGuid = {D8B93BC5-D3D5-4403-A023-BC7E07119140}
	EndGlobalSection
EndGlobal
